
Microsoft Visual Studio Solution File, Format Version 12.00
# Visual Studio Version 17
VisualStudioVersion = 17.5.002.0
MinimumVisualStudioVersion = 10.0.40219.1
Project("{9A19103F-16F7-4668-BE54-9A1E7A4F7556}") = "SistemaPagamentoEstacionamento", "SistemaPagamentoEstacionamento.csproj", "{927DEB4E-962B-474C-A795-E7AB2C0A61A5}"
EndProject
Global
	GlobalSection(SolutionConfigurationPlatforms) = preSolution
		Debug|Any CPU = Debug|Any CPU
		Release|Any CPU = Release|Any CPU
	EndGlobalSection
	GlobalSection(ProjectConfigurationPlatforms) = postSolution
		{927DEB4E-962B-474C-A795-E7AB2C0A61A5}.Debug|Any CPU.ActiveCfg = Debug|Any CPU
		{927DEB4E-962B-474C-A795-E7AB2C0A61A5}.Debug|Any CPU.Build.0 = Debug|Any CPU
		{927DEB4E-962B-474C-A795-E7AB2C0A61A5}.Release|Any CPU.ActiveCfg = Release|Any CPU
		{927DEB4E-962B-474C-A795-E7AB2C0A61A5}.Release|Any CPU.Build.0 = Release|Any CPU
	EndGlobalSection
	GlobalSection(SolutionProperties) = preSolution
		HideSolutionNode = FALSE
	EndGlobalSection
	GlobalSection(ExtensibilityGlobals) = postSolution
		SolutionGuid = {08013915-B9F6-4EA4-B676-CBD0CA8217FA}
	EndGlobalSection
EndGlobal
